
Microsoft Visual Studio Solution File, Format Version 12.00
# Visual Studio 15
VisualStudioVersion = 15.0.28307.421
MinimumVisualStudioVersion = 10.0.40219.1
Project("{FAE04EC0-301F-11D3-BF4B-00C04F79EFBC}") = "YanWen.EPC.Push", "YanWen.EPC.Push\YanWen.EPC.Push.csproj", "{C8F56B85-3B63-4F92-99E8-D1671AC29AF1}"
EndProject
Project("{FAE04EC0-301F-11D3-BF4B-00C04F79EFBC}") = "YanWen.EPC.Push.Common", "YanWen.EPC.Push.Common\YanWen.EPC.Push.Common.csproj", "{2940571A-5BCE-461A-8A8C-0A0CAD9D50D9}"
EndProject
Project("{FAE04EC0-301F-11D3-BF4B-00C04F79EFBC}") = "YanWen.EPC.Push.Test", "YanWen.EPC.Push.Test\YanWen.EPC.Push.Test.csproj", "{2FB09944-4373-4C36-9C63-260B5BAAD572}"
EndProject
Global
	GlobalSection(SolutionConfigurationPlatforms) = preSolution
		Debug|Any CPU = Debug|Any CPU
		Debug|ARM = Debug|ARM
		Debug|ARM64 = Debug|ARM64
		Debug|x64 = Debug|x64
		Debug|x86 = Debug|x86
		Release|Any CPU = Release|Any CPU
		Release|ARM = Release|ARM
		Release|ARM64 = Release|ARM64
		Release|x64 = Release|x64
		Release|x86 = Release|x86
	EndGlobalSection
	GlobalSection(ProjectConfigurationPlatforms) = postSolution
		{C8F56B85-3B63-4F92-99E8-D1671AC29AF1}.Debug|Any CPU.ActiveCfg = Debug|Any CPU
		{C8F56B85-3B63-4F92-99E8-D1671AC29AF1}.Debug|Any CPU.Build.0 = Debug|Any CPU
		{C8F56B85-3B63-4F92-99E8-D1671AC29AF1}.Debug|ARM.ActiveCfg = Debug|Any CPU
		{C8F56B85-3B63-4F92-99E8-D1671AC29AF1}.Debug|ARM.Build.0 = Debug|Any CPU
		{C8F56B85-3B63-4F92-99E8-D1671AC29AF1}.Debug|ARM64.ActiveCfg = Debug|Any CPU
		{C8F56B85-3B63-4F92-99E8-D1671AC29AF1}.Debug|ARM64.Build.0 = Debug|Any CPU
		{C8F56B85-3B63-4F92-99E8-D1671AC29AF1}.Debug|x64.ActiveCfg = Debug|Any CPU
		{C8F56B85-3B63-4F92-99E8-D1671AC29AF1}.Debug|x64.Build.0 = Debug|Any CPU
		{C8F56B85-3B63-4F92-99E8-D1671AC29AF1}.Debug|x86.ActiveCfg = Debug|Any CPU
		{C8F56B85-3B63-4F92-99E8-D1671AC29AF1}.Debug|x86.Build.0 = Debug|Any CPU
		{C8F56B85-3B63-4F92-99E8-D1671AC29AF1}.Release|Any CPU.ActiveCfg = Release|Any CPU
		{C8F56B85-3B63-4F92-99E8-D1671AC29AF1}.Release|Any CPU.Build.0 = Release|Any CPU
		{C8F56B85-3B63-4F92-99E8-D1671AC29AF1}.Release|ARM.ActiveCfg = Release|Any CPU
		{C8F56B85-3B63-4F92-99E8-D1671AC29AF1}.Release|ARM.Build.0 = Release|Any CPU
		{C8F56B85-3B63-4F92-99E8-D1671AC29AF1}.Release|ARM64.ActiveCfg = Release|Any CPU
		{C8F56B85-3B63-4F92-99E8-D1671AC29AF1}.Release|ARM64.Build.0 = Release|Any CPU
		{C8F56B85-3B63-4F92-99E8-D1671AC29AF1}.Release|x64.ActiveCfg = Release|Any CPU
		{C8F56B85-3B63-4F92-99E8-D1671AC29AF1}.Release|x64.Build.0 = Release|Any CPU
		{C8F56B85-3B63-4F92-99E8-D1671AC29AF1}.Release|x86.ActiveCfg = Release|Any CPU
		{C8F56B85-3B63-4F92-99E8-D1671AC29AF1}.Release|x86.Build.0 = Release|Any CPU
		{2940571A-5BCE-461A-8A8C-0A0CAD9D50D9}.Debug|Any CPU.ActiveCfg = Debug|Any CPU
		{2940571A-5BCE-461A-8A8C-0A0CAD9D50D9}.Debug|Any CPU.Build.0 = Debug|Any CPU
		{2940571A-5BCE-461A-8A8C-0A0CAD9D50D9}.Debug|ARM.ActiveCfg = Debug|Any CPU
		{2940571A-5BCE-461A-8A8C-0A0CAD9D50D9}.Debug|ARM.Build.0 = Debug|Any CPU
		{2940571A-5BCE-461A-8A8C-0A0CAD9D50D9}.Debug|ARM64.ActiveCfg = Debug|Any CPU
		{2940571A-5BCE-461A-8A8C-0A0CAD9D50D9}.Debug|ARM64.Build.0 = Debug|Any CPU
		{2940571A-5BCE-461A-8A8C-0A0CAD9D50D9}.Debug|x64.ActiveCfg = Debug|Any CPU
		{2940571A-5BCE-461A-8A8C-0A0CAD9D50D9}.Debug|x64.Build.0 = Debug|Any CPU
		{2940571A-5BCE-461A-8A8C-0A0CAD9D50D9}.Debug|x86.ActiveCfg = Debug|Any CPU
		{2940571A-5BCE-461A-8A8C-0A0CAD9D50D9}.Debug|x86.Build.0 = Debug|Any CPU
		{2940571A-5BCE-461A-8A8C-0A0CAD9D50D9}.Release|Any CPU.ActiveCfg = Release|Any CPU
		{2940571A-5BCE-461A-8A8C-0A0CAD9D50D9}.Release|Any CPU.Build.0 = Release|Any CPU
		{2940571A-5BCE-461A-8A8C-0A0CAD9D50D9}.Release|ARM.ActiveCfg = Release|Any CPU
		{2940571A-5BCE-461A-8A8C-0A0CAD9D50D9}.Release|ARM.Build.0 = Release|Any CPU
		{2940571A-5BCE-461A-8A8C-0A0CAD9D50D9}.Release|ARM64.ActiveCfg = Release|Any CPU
		{2940571A-5BCE-461A-8A8C-0A0CAD9D50D9}.Release|ARM64.Build.0 = Release|Any CPU
		{2940571A-5BCE-461A-8A8C-0A0CAD9D50D9}.Release|x64.ActiveCfg = Release|Any CPU
		{2940571A-5BCE-461A-8A8C-0A0CAD9D50D9}.Release|x64.Build.0 = Release|Any CPU
		{2940571A-5BCE-461A-8A8C-0A0CAD9D50D9}.Release|x86.ActiveCfg = Release|Any CPU
		{2940571A-5BCE-461A-8A8C-0A0CAD9D50D9}.Release|x86.Build.0 = Release|Any CPU
		{2FB09944-4373-4C36-9C63-260B5BAAD572}.Debug|Any CPU.ActiveCfg = Debug|Any CPU
		{2FB09944-4373-4C36-9C63-260B5BAAD572}.Debug|Any CPU.Build.0 = Debug|Any CPU
		{2FB09944-4373-4C36-9C63-260B5BAAD572}.Debug|ARM.ActiveCfg = Debug|Any CPU
		{2FB09944-4373-4C36-9C63-260B5BAAD572}.Debug|ARM.Build.0 = Debug|Any CPU
		{2FB09944-4373-4C36-9C63-260B5BAAD572}.Debug|ARM64.ActiveCfg = Debug|Any CPU
		{2FB09944-4373-4C36-9C63-260B5BAAD572}.Debug|ARM64.Build.0 = Debug|Any CPU
		{2FB09944-4373-4C36-9C63-260B5BAAD572}.Debug|x64.ActiveCfg = Debug|Any CPU
		{2FB09944-4373-4C36-9C63-260B5BAAD572}.Debug|x64.Build.0 = Debug|Any CPU
		{2FB09944-4373-4C36-9C63-260B5BAAD572}.Debug|x86.ActiveCfg = Debug|Any CPU
		{2FB09944-4373-4C36-9C63-260B5BAAD572}.Debug|x86.Build.0 = Debug|Any CPU
		{2FB09944-4373-4C36-9C63-260B5BAAD572}.Release|Any CPU.ActiveCfg = Release|Any CPU
		{2FB09944-4373-4C36-9C63-260B5BAAD572}.Release|Any CPU.Build.0 = Release|Any CPU
		{2FB09944-4373-4C36-9C63-260B5BAAD572}.Release|ARM.ActiveCfg = Release|Any CPU
		{2FB09944-4373-4C36-9C63-260B5BAAD572}.Release|ARM.Build.0 = Release|Any CPU
		{2FB09944-4373-4C36-9C63-260B5BAAD572}.Release|ARM64.ActiveCfg = Release|Any CPU
		{2FB09944-4373-4C36-9C63-260B5BAAD572}.Release|ARM64.Build.0 = Release|Any CPU
		{2FB09944-4373-4C36-9C63-260B5BAAD572}.Release|x64.ActiveCfg = Release|Any CPU
		{2FB09944-4373-4C36-9C63-260B5BAAD572}.Release|x64.Build.0 = Release|Any CPU
		{2FB09944-4373-4C36-9C63-260B5BAAD572}.Release|x86.ActiveCfg = Release|Any CPU
		{2FB09944-4373-4C36-9C63-260B5BAAD572}.Release|x86.Build.0 = Release|Any CPU
	EndGlobalSection
	GlobalSection(SolutionProperties) = preSolution
		HideSolutionNode = FALSE
	EndGlobalSection
	GlobalSection(ExtensibilityGlobals) = postSolution
		SolutionGuid = {3A1DA92B-F2B5-48EB-9380-41762F77F9DE}
	EndGlobalSection
EndGlobal
